{
  "pins" : [
    {
      "identity" : "swift-asn1",
      "kind" : "remoteSourceControl",
      "location" : "https://github.com/apple/swift-asn1.git",
      "state" : {
        "revision" : "c7e239b5c1492ffc3ebd7fbcc7a92548ce4e78f0",
        "version" : "1.1.0"
      }
    },
    {
      "identity" : "swift-package-manager-google-interactive-media-ads-ios",
      "kind" : "remoteSourceControl",
      "location" : "https://github.com/googleads/swift-package-manager-google-interactive-media-ads-ios.git",
      "state" : {
        "revision" : "8b8e3bbe0b8044cdfeedeadae3e8dc871017c31d",
        "version" : "3.23.0"
      }
    },
    {
      "identity" : "uid2-ios-sdk",
      "kind" : "remoteSourceControl",
      "location" : "https://github.com/IABTechLab/uid2-ios-sdk.git",
      "state" : {
        "branch" : "dave/wider-platform-support",
        "revision" : "5ff81fa73ebcd6b2244e24bef49d6e87aa545d57"
      }
    }
  ],
  "version" : 2
}
