{
  "pins" : [
    {
      "identity" : "swift-package-manager-google-interactive-media-ads-ios",
      "kind" : "remoteSourceControl",
      "location" : "https://github.com/googleads/swift-package-manager-google-interactive-media-ads-ios.git",
      "state" : {
        "revision" : "d2a86d37798cfb609bd2bedaef81d332dac5d5eb",
        "version" : "3.19.1"
      }
    },
    {
      "identity" : "uid2-ios-sdk",
      "kind" : "remoteSourceControl",
      "location" : "https://github.com/IABTechLab/uid2-ios-sdk.git",
      "state" : {
        "revision" : "6204cbc27ef3bd48065e1fbd355958a6f03e248c",
        "version" : "0.2.0"
      }
    }
  ],
  "version" : 2
}
