{
  "pins" : [
    {
      "identity" : "uid2-ios-sdk",
      "kind" : "remoteSourceControl",
      "location" : "https://github.com/IABTechLab/uid2-ios-sdk.git",
      "state" : {
        "revision" : "6204cbc27ef3bd48065e1fbd355958a6f03e248c",
        "version" : "0.2.0"
      }
    }
  ],
  "version" : 2
}
